
Microsoft Visual Studio Solution File, Format Version 12.00
# Visual Studio Version 17
VisualStudioVersion = 17.5.33414.496
MinimumVisualStudioVersion = 10.0.40219.1
Project("{FAE04EC0-301F-11D3-BF4B-00C04F79EFBC}") = "Counter", "Counter.csproj", "{DB6C9036-B264-4466-8F31-4F9AAE5A9CC5}"
EndProject
Global
	GlobalSection(SolutionConfigurationPlatforms) = preSolution
		Debug|Any CPU = Debug|Any CPU
		Release|Any CPU = Release|Any CPU
	EndGlobalSection
	GlobalSection(ProjectConfigurationPlatforms) = postSolution
		{DB6C9036-B264-4466-8F31-4F9AAE5A9CC5}.Debug|Any CPU.ActiveCfg = Debug|Any CPU
		{DB6C9036-B264-4466-8F31-4F9AAE5A9CC5}.Debug|Any CPU.Build.0 = Debug|Any CPU
		{DB6C9036-B264-4466-8F31-4F9AAE5A9CC5}.Release|Any CPU.ActiveCfg = Release|Any CPU
		{DB6C9036-B264-4466-8F31-4F9AAE5A9CC5}.Release|Any CPU.Build.0 = Release|Any CPU
	EndGlobalSection
	GlobalSection(SolutionProperties) = preSolution
		HideSolutionNode = FALSE
	EndGlobalSection
	GlobalSection(ExtensibilityGlobals) = postSolution
		SolutionGuid = {A2CB7FB3-8924-4BA5-BEB9-3253677D63B7}
	EndGlobalSection
EndGlobal
